dependencies:
- name: lago-config
  repository: file://../lago-config
  version: 0.4.0
- name: lago-data-config
  repository: file://../lago-data-config
  version: 0.4.0
- name: lago-rails
  repository: file://../lago-rails
  version: 0.4.0
- name: lago-data-api
  repository: file://../lago-data-api
  version: 0.4.0
- name: lago-data-worker
  repository: file://../lago-data-worker
  version: 0.4.0
digest: sha256:36fc065522d70dcd275471aa80b61e1cc54cfbe133e771db55e9bd92e20fe0e1
generated: "2026-04-01T14:31:54.601368314Z"
